
Microsoft Visual Studio Solution File, Format Version 11.00
# Visual Studio 2010
Project("{F2A71F9B-5D33-465A-A702-920D77279786}") = "FunctionalDivan", "src\FunctionalDivan.fsproj", "{1D9E1B95-4D9C-4EB3-82C5-A2A037EF8FBB}"
EndProject
Project("{F2A71F9B-5D33-465A-A702-920D77279786}") = "UnitTests", "test\UnitTests.fsproj", "{96779A8E-8049-4AAD-A223-3E4C943B6BB7}"
EndProject
Global
	GlobalSection(SolutionConfigurationPlatforms) = preSolution
		Debug|Any CPU = Debug|Any CPU
		Release|Any CPU = Release|Any CPU
	EndGlobalSection
	GlobalSection(ProjectConfigurationPlatforms) = postSolution
		{1D9E1B95-4D9C-4EB3-82C5-A2A037EF8FBB}.Debug|Any CPU.ActiveCfg = Debug|Any CPU
		{1D9E1B95-4D9C-4EB3-82C5-A2A037EF8FBB}.Debug|Any CPU.Build.0 = Debug|Any CPU
		{1D9E1B95-4D9C-4EB3-82C5-A2A037EF8FBB}.Release|Any CPU.ActiveCfg = Release|Any CPU
		{1D9E1B95-4D9C-4EB3-82C5-A2A037EF8FBB}.Release|Any CPU.Build.0 = Release|Any CPU
		{96779A8E-8049-4AAD-A223-3E4C943B6BB7}.Debug|Any CPU.ActiveCfg = Debug|Any CPU
		{96779A8E-8049-4AAD-A223-3E4C943B6BB7}.Debug|Any CPU.Build.0 = Debug|Any CPU
		{96779A8E-8049-4AAD-A223-3E4C943B6BB7}.Release|Any CPU.ActiveCfg = Release|Any CPU
		{96779A8E-8049-4AAD-A223-3E4C943B6BB7}.Release|Any CPU.Build.0 = Release|Any CPU
	EndGlobalSection
	GlobalSection(SolutionProperties) = preSolution
		HideSolutionNode = FALSE
	EndGlobalSection
EndGlobal
